{
  "name": "oh-client",
  "version": "0.1.0",
  "lockfileVersion": 1,
  "requires": true,
  "dependencies": {
    "@feathersjs/client": {
      "version": "3.6.0",
      "resolved": "https://registry.npmjs.org/@feathersjs/client/-/client-3.6.0.tgz",
      "integrity": "sha512-IihL0qPPRN4QDLdLjtvah1nJqlKHfQj6rj6DYnv5mL/sFqxP0QiUe5HIBAC6ZB1BVWyGC7ykwdUVbbupGz4jIA==",
      "requires": {
        "@feathersjs/authentication-client": "1.0.4",
        "@feathersjs/errors": "3.3.2",
        "@feathersjs/feathers": "3.2.1",
        "@feathersjs/primus-client": "1.1.2",
        "@feathersjs/rest-client": "1.4.3",
        "@feathersjs/socketio-client": "1.1.2"
      },
      "dependencies": {
        "@feathersjs/authentication-client": {
          "version": "1.0.4",
          "resolved": "https://registry.npmjs.org/@feathersjs/authentication-client/-/authentication-client-1.0.4.tgz",
          "integrity": "sha512-7Z1S7uH5hDJx4xdrLk8DoRIbpVatofdcVfPSj8NZvv7WOMLTKZoRcvqNnYb/K/WMHPnmsfg8YDNJfu9y2XFauw==",
          "requires": {
            "@feathersjs/errors": "3.3.2",
            "debug": "3.1.0",
            "jwt-decode": "2.2.0"
          }
        },
        "@feathersjs/feathers": {
          "version": "3.2.1",
          "resolved": "https://registry.npmjs.org/@feathersjs/feathers/-/feathers-3.2.1.tgz",
          "integrity": "sha512-NX9YvKLg17H/2/PDS2YqhPAHskcSD2mcgyXRxcBi2zJSEjXRh+/gpAidaQzWF0SkwVsdq8ecasqRsHldS2GfxQ==",
          "requires": {
            "@feathersjs/commons": "3.0.0",
            "debug": "3.1.0",
            "events": "3.0.0",
            "uberproto": "2.0.4"
          }
        },
        "@feathersjs/socketio-client": {
          "version": "1.1.2",
          "resolved": "https://registry.npmjs.org/@feathersjs/socketio-client/-/socketio-client-1.1.2.tgz",
          "integrity": "sha512-bj0M+sVdrDzj9QW4yngC8mXPFMdXiVc63z0Jkc+SaF75jmQJAu6TKrAzv/GUqXDnR1atvxD8VLYbuIgUirjVzw==",
          "requires": {
            "@feathersjs/transport-commons": "4.1.3"
          }
        }
      }
    },
    "@feathersjs/commons": {
      "version": "3.0.0",
      "resolved": "https://registry.npmjs.org/@feathersjs/commons/-/commons-3.0.0.tgz",
      "integrity": "sha512-wNIQ5YttjPXrMJGm1tYOctzNm3oWt95mD47gdtr/QU2pbYWClCoZLcU7bSgjV2pLrxGvo9UnNhSmR/Y/cfhdNw=="
    },
    "@feathersjs/errors": {
      "version": "3.3.2",
      "resolved": "https://registry.npmjs.org/@feathersjs/errors/-/errors-3.3.2.tgz",
      "integrity": "sha512-9a2KHFMPRQw6zTuDo06YbgWyqXiWOqCi6iXI8kMrLDKAmkRvJjrCq+SXEJuz44hTxqBJtJBaW164Mez8tQqJbw==",
      "requires": {
        "debug": "3.1.0"
      }
    },
    "@feathersjs/primus-client": {
      "version": "1.1.2",
      "resolved": "https://registry.npmjs.org/@feathersjs/primus-client/-/primus-client-1.1.2.tgz",
      "integrity": "sha512-ECLRgqe43sykcTprGcbQ8zSWLSuZcv+ZFvUvn+OUAAxpCKkZEsh0BH4RvLI+3WcBTL9eGCKnLn9/tvS9nFwu4g==",
      "requires": {
        "@feathersjs/transport-commons": "4.1.3"
      }
    },
    "@feathersjs/rest-client": {
      "version": "1.4.3",
      "resolved": "https://registry.npmjs.org/@feathersjs/rest-client/-/rest-client-1.4.3.tgz",
      "integrity": "sha512-8uLLwXVEKIJ0NFAf9Q5qdN76KaLUEaYadN+sB9y7YYbNCRgng27h6lf+sx3L5VQ/fsAfV91IzETAw5U8e0koQA==",
      "requires": {
        "@feathersjs/commons": "3.0.0",
        "@feathersjs/errors": "3.3.2",
        "qs": "6.5.2"
      }
    },
    "@feathersjs/transport-commons": {
      "version": "4.1.3",
      "resolved": "https://registry.npmjs.org/@feathersjs/transport-commons/-/transport-commons-4.1.3.tgz",
      "integrity": "sha512-D4WzS6B5QO0oQ8VI9sjCk2qqqDa3QwPjkooweg6BOati9si+H67FZpsw4ns7oDhWbB4WVt6Gd33bIdB5gjUwkA==",
      "requires": {
        "@feathersjs/commons": "3.0.0",
        "@feathersjs/errors": "3.3.2",
        "debug": "3.1.0",
        "lodash": "4.17.10",
        "radix-router": "3.0.1"
      }
    },
    "debug": {
      "version": "3.1.0",
      "resolved": "https://registry.npmjs.org/debug/-/debug-3.1.0.tgz",
      "integrity": "sha512-OX8XqP7/1a9cqkxYw2yXss15f26NKWBpDXQd0/uK/KPqdQhxbPa994hnzjcE2VqQpDslf55723cKPUOGSmMY3g==",
      "requires": {
        "ms": "2.0.0"
      }
    },
    "events": {
      "version": "3.0.0",
      "resolved": "https://registry.npmjs.org/events/-/events-3.0.0.tgz",
      "integrity": "sha512-Dc381HFWJzEOhQ+d8pkNon++bk9h6cdAoAj4iE6Q4y6xgTzySWXlKn05/TVNpjnfRqi/X0EpJEJohPjNI3zpVA=="
    },
    "jwt-decode": {
      "version": "2.2.0",
      "resolved": "https://registry.npmjs.org/jwt-decode/-/jwt-decode-2.2.0.tgz",
      "integrity": "sha1-fYa9VmefWM5qhHBKZX3TkruoGnk="
    },
    "lodash": {
      "version": "4.17.10",
      "resolved": "https://registry.npmjs.org/lodash/-/lodash-4.17.10.tgz",
      "integrity": "sha512-UejweD1pDoXu+AD825lWwp4ZGtSwgnpZxb3JDViD7StjQz+Nb/6l093lx4OQ0foGWNRoc19mWy7BzL+UAK2iVg=="
    },
    "ms": {
      "version": "2.0.0",
      "resolved": "https://registry.npmjs.org/ms/-/ms-2.0.0.tgz",
      "integrity": "sha1-VgiurfwAvmwpAd9fmGF4jeDVl8g="
    },
    "qs": {
      "version": "6.5.2",
      "resolved": "https://registry.npmjs.org/qs/-/qs-6.5.2.tgz",
      "integrity": "sha512-N5ZAX4/LxJmF+7wN74pUD6qAh9/wnvdQcjq9TZjevvXzSUo7bfmw91saqMjzGS2xq91/odN2dW/WOl7qQHNDGA=="
    },
    "radix-router": {
      "version": "3.0.1",
      "resolved": "https://registry.npmjs.org/radix-router/-/radix-router-3.0.1.tgz",
      "integrity": "sha512-jpHXHgP+ZmVzEfmZ7WVRSvc/EqMoAqYuMtBsHd9s47Hs9Iy8FDJhkweMrDH0wmdxanLzVIWhq0UpomLXNpW8tg=="
    },
    "uberproto": {
      "version": "2.0.4",
      "resolved": "https://registry.npmjs.org/uberproto/-/uberproto-2.0.4.tgz",
      "integrity": "sha512-c/5xjTcztW9XVhrkCycHQRBIAxww5JpDKk/q0zc2tVdQn6ZQvnChWgLvQaWAT1Al5JvRyvloUI15ad41m6dYwg=="
    }
  }
}
